github.com/google/go-cmp v0.5.5 h1:Khx7svrCpmxxtHBq5j2mp/xVjsi8hQMfNLvJFAlrGgU=
github.com/google/go-cmp v0.5.5/go.mod h1:v8dTdLbMG2kIc/vJvl+f65V22dbkXbowE6jgT/gNBxE=
github.com/katydid/parser-go v0.6.0 h1:8VFYXEp9pZsq4CCxYLDavPPqOSX+JXsmhjfU4XMB8iw=
github.com/katydid/parser-go v0.6.0/go.mod h1:1BwRfDlyRgDlAaURZ4FXi7IzHqWKTsrCdsstLsFeQho=
github.com/katydid/parser-go-json v0.1.0 h1:r3+YkDtf9A4JYO+MrdQsN2azxITrgO+2Sc5SSNhp+YI=
github.com/katydid/parser-go-json v0.1.0/go.mod h1:iLjxtkGLdPROUPBHZAhOTIdQerUPl/FEplS10rlq9Nc=
github.com/katydid/parser-go-proto v0.1.0 h1:cnS9dtjZkZ4dYiivy56tHvVja0gV8b04QY4P4VFjE28=
github.com/katydid/parser-go-proto v0.1.0/go.mod h1:yBWqastp7U/qi8qJqM1qIl3yfP8CTtiUnothslx+NGs=
github.com/katydid/parser-go-xml v0.1.0 h1:8AL0X9hQbNLbQeqRbOdKBOwx4WTSWjy7kxEMmWqHMXc=
github.com/katydid/parser-go-xml v0.1.0/go.mod h1:7rEHS3YuEv/8/ep+uQnLgcvT1znZs8JEc3ZaBbpygjA=
github.com/katydid/validator-go v0.5.1 h1:XgLkSO62OFjcS7hmN8RTj0gHpMBdYRTAkiVtM59SV7E=
github.com/katydid/validator-go v0.5.1/go.mod h1:ZVsNg5NEwcOJT2ukTrCu/jKKuNiTRS/4sw4cMNr9vh8=
golang.org/x/xerrors v0.0.0-20200804184101-5ec99f83aff1 h1:go1bK/D/BFZV2I8cIQd1NKEZ+0owSTG1fDTci4IqFcE=
golang.org/x/xerrors v0.0.0-20200804184101-5ec99f83aff1/go.mod h1:I/5z698sn9Ka8TeJc9MKroUUfqBBauWjQqLJ2OPfmY0=
google.golang.org/protobuf v1.36.3 h1:82DV7MYdb8anAVi3qge1wSnMDrnKK7ebr+I0hHRN1BU=
google.golang.org/protobuf v1.36.3/go.mod h1:9fA7Ob0pmnwhb644+1+CVWFRbNajQ6iRojtC/QF5bRE=
